{
  "name": "mern-task-manager",
  "version": "1.0.0",
  "lockfileVersion": 2,
  "requires": true,
  "packages": {
    "": {
      "name": "mern-task-manager",
      "version": "1.0.0",
      "license": "ISC",
      "dependencies": {
        "@fvilers/disable-react-devtools": "^1.3.0",
        "react-calendar": "^4.7.0",
        "swiper": "^11.0.5"
      },
      "devDependencies": {
        "concurrently": "^7.1.0"
      }
    },
    "node_modules/@fvilers/disable-react-devtools": {
      "version": "1.3.0",
      "resolved": "https://registry.npmjs.org/@fvilers/disable-react-devtools/-/disable-react-devtools-1.3.0.tgz",
      "integrity": "sha512-LbASP6voPkKS5b6OlQhupEDtMeoAakamauqLEFHatkQUTmblNY5nPK7/eSqKBXxExT6uypVPczpTsJjJIrhpOQ=="
    },
    "node_modules/@types/lodash": {
      "version": "4.14.202",
      "resolved": "https://registry.npmjs.org/@types/lodash/-/lodash-4.14.202.tgz",
      "integrity": "sha512-OvlIYQK9tNneDlS0VN54LLd5uiPCBOp7gS5Z0f1mjoJYBrtStzgmJBxONW3U6OZqdtNzZPmn9BS/7WI7BFFcFQ=="
    },
    "node_modules/@types/lodash.memoize": {
      "version": "4.1.9",
      "resolved": "https://registry.npmjs.org/@types/lodash.memoize/-/lodash.memoize-4.1.9.tgz",
      "integrity": "sha512-glY1nQuoqX4Ft8Uk+KfJudOD7DQbbEDF6k9XpGncaohW3RW4eSWBlx6AA0fZCrh40tZcQNH4jS/Oc59J6Eq+aw==",
      "dependencies": {
        "@types/lodash": "*"
      }
    },
    "node_modules/@wojtekmaj/date-utils": {
      "version": "1.5.1",
      "resolved": "https://registry.npmjs.org/@wojtekmaj/date-utils/-/date-utils-1.5.1.tgz",
      "integrity": "sha512-+i7+JmNiE/3c9FKxzWFi2IjRJ+KzZl1QPu6QNrsgaa2MuBgXvUy4gA1TVzf/JMdIIloB76xSKikTWuyYAIVLww==",
      "funding": {
        "url": "https://github.com/wojtekmaj/date-utils?sponsor=1"
      }
    },
    "node_modules/ansi-regex": {
      "version": "5.0.1",
      "resolved": "https://registry.npmjs.org/ansi-regex/-/ansi-regex-5.0.1.tgz",
      "integrity": "sha512-quJQXlTSUGL2LH9SUXo8VwsY4soanhgo6LNSm84E1LBcE8s3O0wpdiRzyR9z/ZZJMlMWv37qOOb9pdJlMUEKFQ==",
      "dev": true,
      "engines": {
        "node": ">=8"
      }
    },
    "node_modules/ansi-styles": {
      "version": "4.3.0",
      "resolved": "https://registry.npmjs.org/ansi-styles/-/ansi-styles-4.3.0.tgz",
      "integrity": "sha512-zbB9rCJAT1rbjiVDb2hqKFHNYLxgtk8NURxZ3IZwD3F6NtxbXZQCnnSi1Lkx+IDohdPlFp222wVALIheZJQSEg==",
      "dev": true,
      "dependencies": {
        "color-convert": "^2.0.1"
      },
      "engines": {
        "node": ">=8"
      },
      "funding": {
        "url": "https://github.com/chalk/ansi-styles?sponsor=1"
      }
    },
    "node_modules/chalk": {
      "version": "4.1.2",
      "resolved": "https://registry.npmjs.org/chalk/-/chalk-4.1.2.tgz",
      "integrity": "sha512-oKnbhFyRIXpUuez8iBMmyEa4nbj4IOQyuhc/wy9kY7/WVPcwIO9VA668Pu8RkO7+0G76SLROeyw9CpQ061i4mA==",
      "dev": true,
      "dependencies": {
        "ansi-styles": "^4.1.0",
        "supports-color": "^7.1.0"
      },
      "engines": {
        "node": ">=10"
      },
      "funding": {
        "url": "https://github.com/chalk/chalk?sponsor=1"
      }
    },
    "node_modules/chalk/node_modules/supports-color": {
      "version": "7.2.0",
      "resolved": "https://registry.npmjs.org/supports-color/-/supports-color-7.2.0.tgz",
      "integrity": "sha512-qpCAvRl9stuOHveKsn7HncJRvv501qIacKzQlO/+Lwxc9+0q2wLyv4Dfvt80/DPn2pqOBsJdDiogXGR9+OvwRw==",
      "dev": true,
      "dependencies": {
        "has-flag": "^4.0.0"
      },
      "engines": {
        "node": ">=8"
      }
    },
    "node_modules/cliui": {
      "version": "7.0.4",
      "resolved": "https://registry.npmjs.org/cliui/-/cliui-7.0.4.tgz",
      "integrity": "sha512-OcRE68cOsVMXp1Yvonl/fzkQOyjLSu/8bhPDfQt0e0/Eb283TKP20Fs2MqoPsr9SwA595rRCA+QMzYc9nBP+JQ==",
      "dev": true,
      "dependencies": {
        "string-width": "^4.2.0",
        "strip-ansi": "^6.0.0",
        "wrap-ansi": "^7.0.0"
      }
    },
    "node_modules/clsx": {
      "version": "2.1.0",
      "resolved": "https://registry.npmjs.org/clsx/-/clsx-2.1.0.tgz",
      "integrity": "sha512-m3iNNWpd9rl3jvvcBnu70ylMdrXt8Vlq4HYadnU5fwcOtvkSQWPmj7amUcDT2qYI7risszBjI5AUIUox9D16pg==",
      "engines": {
        "node": ">=6"
      }
    },
    "node_modules/color-convert": {
      "version": "2.0.1",
      "resolved": "https://registry.npmjs.org/color-convert/-/color-convert-2.0.1.tgz",
      "integrity": "sha512-RRECPsj7iu/xb5oKYcsFHSppFNnsj/52OVTRKb4zP5onXwVF3zVmmToNcOfGC+CRDpfK/U584fMg38ZHCaElKQ==",
      "dev": true,
      "dependencies": {
        "color-name": "~1.1.4"
      },
      "engines": {
        "node": ">=7.0.0"
      }
    },
    "node_modules/color-name": {
      "version": "1.1.4",
      "resolved": "https://registry.npmjs.org/color-name/-/color-name-1.1.4.tgz",
      "integrity": "sha512-dOy+3AuW3a2wNbZHIuMZpTcgjGuLU/uBL/ubcZF9OXbDo8ff4O8yVp5Bf0efS8uEoYo5q4Fx7dY9OgQGXgAsQA==",
      "dev": true
    },
    "node_modules/concurrently": {
      "version": "7.1.0",
      "resolved": "https://registry.npmjs.org/concurrently/-/concurrently-7.1.0.tgz",
      "integrity": "sha512-Bz0tMlYKZRUDqJlNiF/OImojMB9ruKUz6GCfmhFnSapXgPe+3xzY4byqoKG9tUZ7L2PGEUjfLPOLfIX3labnmw==",
      "dev": true,
      "dependencies": {
        "chalk": "^4.1.0",
        "date-fns": "^2.16.1",
        "lodash": "^4.17.21",
        "rxjs": "^6.6.3",
        "spawn-command": "^0.0.2-1",
        "supports-color": "^8.1.0",
        "tree-kill": "^1.2.2",
        "yargs": "^16.2.0"
      },
      "bin": {
        "concurrently": "dist/bin/concurrently.js"
      },
      "engines": {
        "node": "^12.20.0 || ^14.13.0 || >=16.0.0"
      }
    },
    "node_modules/date-fns": {
      "version": "2.28.0",
      "resolved": "https://registry.npmjs.org/date-fns/-/date-fns-2.28.0.tgz",
      "integrity": "sha512-8d35hViGYx/QH0icHYCeLmsLmMUheMmTyV9Fcm6gvNwdw31yXXH+O85sOBJ+OLnLQMKZowvpKb6FgMIQjcpvQw==",
      "dev": true,
      "engines": {
        "node": ">=0.11"
      },
      "funding": {
        "type": "opencollective",
        "url": "https://opencollective.com/date-fns"
      }
    },
    "node_modules/emoji-regex": {
      "version": "8.0.0",
      "resolved": "https://registry.npmjs.org/emoji-regex/-/emoji-regex-8.0.0.tgz",
      "integrity": "sha512-MSjYzcWNOA0ewAHpz0MxpYFvwg6yjy1NG3xteoqz644VCo/RPgnr1/GGt+ic3iJTzQ8Eu3TdM14SawnVUmGE6A==",
      "dev": true
    },
    "node_modules/escalade": {
      "version": "3.1.1",
      "resolved": "https://registry.npmjs.org/escalade/-/escalade-3.1.1.tgz",
      "integrity": "sha512-k0er2gUkLf8O0zKJiAhmkTnJlTvINGv7ygDNPbeIsX/TJjGJZHuh9B2UxbsaEkmlEo9MfhrSzmhIlhRlI2GXnw==",
      "dev": true,
      "engines": {
        "node": ">=6"
      }
    },
    "node_modules/get-caller-file": {
      "version": "2.0.5",
      "resolved": "https://registry.npmjs.org/get-caller-file/-/get-caller-file-2.0.5.tgz",
      "integrity": "sha512-DyFP3BM/3YHTQOCUL/w0OZHR0lpKeGrxotcHWcqNEdnltqFwXVfhEBQ94eIo34AfQpo0rGki4cyIiftY06h2Fg==",
      "dev": true,
      "engines": {
        "node": "6.* || 8.* || >= 10.*"
      }
    },
    "node_modules/get-user-locale": {
      "version": "2.3.1",
      "resolved": "https://registry.npmjs.org/get-user-locale/-/get-user-locale-2.3.1.tgz",
      "integrity": "sha512-VEvcsqKYx7zhZYC1CjecrDC5ziPSpl1gSm0qFFJhHSGDrSC+x4+p1KojWC/83QX//j476gFhkVXP/kNUc9q+bQ==",
      "dependencies": {
        "@types/lodash.memoize": "^4.1.7",
        "lodash.memoize": "^4.1.1"
      },
      "funding": {
        "url": "https://github.com/wojtekmaj/get-user-locale?sponsor=1"
      }
    },
    "node_modules/has-flag": {
      "version": "4.0.0",
      "resolved": "https://registry.npmjs.org/has-flag/-/has-flag-4.0.0.tgz",
      "integrity": "sha512-EykJT/Q1KjTWctppgIAgfSO0tKVuZUjhgMr17kqTumMl6Afv3EISleU7qZUzoXDFTAHTDC4NOoG/ZxU3EvlMPQ==",
      "dev": true,
      "engines": {
        "node": ">=8"
      }
    },
    "node_modules/is-fullwidth-code-point": {
      "version": "3.0.0",
      "resolved": "https://registry.npmjs.org/is-fullwidth-code-point/-/is-fullwidth-code-point-3.0.0.tgz",
      "integrity": "sha512-zymm5+u+sCsSWyD9qNaejV3DFvhCKclKdizYaJUuHA83RLjb7nSuGnddCHGv0hk+KY7BMAlsWeK4Ueg6EV6XQg==",
      "dev": true,
      "engines": {
        "node": ">=8"
      }
    },
    "node_modules/js-tokens": {
      "version": "4.0.0",
      "resolved": "https://registry.npmjs.org/js-tokens/-/js-tokens-4.0.0.tgz",
      "integrity": "sha512-RdJUflcE3cUzKiMqQgsCu06FPu9UdIJO0beYbPhHN4k6apgJtifcoCtT9bcxOpYBtpD2kCM6Sbzg4CausW/PKQ=="
    },
    "node_modules/lodash": {
      "version": "4.17.21",
      "resolved": "https://registry.npmjs.org/lodash/-/lodash-4.17.21.tgz",
      "integrity": "sha512-v2kDEe57lecTulaDIuNTPy3Ry4gLGJ6Z1O3vE1krgXZNrsQ+LFTGHVxVjcXPs17LhbZVGedAJv8XZ1tvj5FvSg==",
      "dev": true
    },
    "node_modules/lodash.memoize": {
      "version": "4.1.2",
      "resolved": "https://registry.npmjs.org/lodash.memoize/-/lodash.memoize-4.1.2.tgz",
      "integrity": "sha512-t7j+NzmgnQzTAYXcsHYLgimltOV1MXHtlOWf6GjL9Kj8GK5FInw5JotxvbOs+IvV1/Dzo04/fCGfLVs7aXb4Ag=="
    },
    "node_modules/loose-envify": {
      "version": "1.4.0",
      "resolved": "https://registry.npmjs.org/loose-envify/-/loose-envify-1.4.0.tgz",
      "integrity": "sha512-lyuxPGr/Wfhrlem2CL/UcnUc1zcqKAImBDzukY7Y5F/yQiNdko6+fRLevlw1HgMySw7f611UIY408EtxRSoK3Q==",
      "dependencies": {
        "js-tokens": "^3.0.0 || ^4.0.0"
      },
      "bin": {
        "loose-envify": "cli.js"
      }
    },
    "node_modules/object-assign": {
      "version": "4.1.1",
      "resolved": "https://registry.npmjs.org/object-assign/-/object-assign-4.1.1.tgz",
      "integrity": "sha512-rJgTQnkUnH1sFw8yT6VSU3zD3sWmu6sZhIseY8VX+GRu3P6F7Fu+JNDoXfklElbLJSnc3FUQHVe4cU5hj+BcUg==",
      "engines": {
        "node": ">=0.10.0"
      }
    },
    "node_modules/prop-types": {
      "version": "15.8.1",
      "resolved": "https://registry.npmjs.org/prop-types/-/prop-types-15.8.1.tgz",
      "integrity": "sha512-oj87CgZICdulUohogVAR7AjlC0327U4el4L6eAvOqCeudMDVU0NThNaV+b9Df4dXgSP1gXMTnPdhfe/2qDH5cg==",
      "dependencies": {
        "loose-envify": "^1.4.0",
        "object-assign": "^4.1.1",
        "react-is": "^16.13.1"
      }
    },
    "node_modules/react": {
      "version": "18.2.0",
      "resolved": "https://registry.npmjs.org/react/-/react-18.2.0.tgz",
      "integrity": "sha512-/3IjMdb2L9QbBdWiW5e3P2/npwMBaU9mHCSCUzNln0ZCYbcfTsGbTJrU/kGemdH2IWmB2ioZ+zkxtmq6g09fGQ==",
      "peer": true,
      "dependencies": {
        "loose-envify": "^1.1.0"
      },
      "engines": {
        "node": ">=0.10.0"
      }
    },
    "node_modules/react-calendar": {
      "version": "4.7.0",
      "resolved": "https://registry.npmjs.org/react-calendar/-/react-calendar-4.7.0.tgz",
      "integrity": "sha512-Sb+oRRbwBo1bzDByIEqMCXOh5JwklLPn3inibzvLKKXDokHo23rqtH2A9vz8LxNMJpzuPjGJ4OSuOJyhia3x5g==",
      "dependencies": {
        "@wojtekmaj/date-utils": "^1.1.3",
        "clsx": "^2.0.0",
        "get-user-locale": "^2.2.1",
        "prop-types": "^15.6.0",
        "tiny-warning": "^1.0.0"
      },
      "funding": {
        "url": "https://github.com/wojtekmaj/react-calendar?sponsor=1"
      },
      "peerDependencies": {
        "@types/react": "^16.8.0 || ^17.0.0 || ^18.0.0",
        "react": "^16.8.0 || ^17.0.0 || ^18.0.0",
        "react-dom": "^16.8.0 || ^17.0.0 || ^18.0.0"
      },
      "peerDependenciesMeta": {
        "@types/react": {
          "optional": true
        }
      }
    },
    "node_modules/react-dom": {
      "version": "18.2.0",
      "resolved": "https://registry.npmjs.org/react-dom/-/react-dom-18.2.0.tgz",
      "integrity": "sha512-6IMTriUmvsjHUjNtEDudZfuDQUoWXVxKHhlEGSk81n4YFS+r/Kl99wXiwlVXtPBtJenozv2P+hxDsw9eA7Xo6g==",
      "peer": true,
      "dependencies": {
        "loose-envify": "^1.1.0",
        "scheduler": "^0.23.0"
      },
      "peerDependencies": {
        "react": "^18.2.0"
      }
    },
    "node_modules/react-is": {
      "version": "16.13.1",
      "resolved": "https://registry.npmjs.org/react-is/-/react-is-16.13.1.tgz",
      "integrity": "sha512-24e6ynE2H+OKt4kqsOvNd8kBpV65zoxbA4BVsEOB3ARVWQki/DHzaUoC5KuON/BiccDaCCTZBuOcfZs70kR8bQ=="
    },
    "node_modules/require-directory": {
      "version": "2.1.1",
      "resolved": "https://registry.npmjs.org/require-directory/-/require-directory-2.1.1.tgz",
      "integrity": "sha1-jGStX9MNqxyXbiNE/+f3kqam30I=",
      "dev": true,
      "engines": {
        "node": ">=0.10.0"
      }
    },
    "node_modules/rxjs": {
      "version": "6.6.7",
      "resolved": "https://registry.npmjs.org/rxjs/-/rxjs-6.6.7.tgz",
      "integrity": "sha512-hTdwr+7yYNIT5n4AMYp85KA6yw2Va0FLa3Rguvbpa4W3I5xynaBZo41cM3XM+4Q6fRMj3sBYIR1VAmZMXYJvRQ==",
      "dev": true,
      "dependencies": {
        "tslib": "^1.9.0"
      },
      "engines": {
        "npm": ">=2.0.0"
      }
    },
    "node_modules/scheduler": {
      "version": "0.23.0",
      "resolved": "https://registry.npmjs.org/scheduler/-/scheduler-0.23.0.tgz",
      "integrity": "sha512-CtuThmgHNg7zIZWAXi3AsyIzA3n4xx7aNyjwC2VJldO2LMVDhFK+63xGqq6CsJH4rTAt6/M+N4GhZiDYPx9eUw==",
      "peer": true,
      "dependencies": {
        "loose-envify": "^1.1.0"
      }
    },
    "node_modules/spawn-command": {
      "version": "0.0.2-1",
      "resolved": "https://registry.npmjs.org/spawn-command/-/spawn-command-0.0.2-1.tgz",
      "integrity": "sha1-YvXpRmmBwbeW3Fkpk34RycaSG9A=",
      "dev": true
    },
    "node_modules/string-width": {
      "version": "4.2.3",
      "resolved": "https://registry.npmjs.org/string-width/-/string-width-4.2.3.tgz",
      "integrity": "sha512-wKyQRQpjJ0sIp62ErSZdGsjMJWsap5oRNihHhu6G7JVO/9jIB6UyevL+tXuOqrng8j/cxKTWyWUwvSTriiZz/g==",
      "dev": true,
      "dependencies": {
        "emoji-regex": "^8.0.0",
        "is-fullwidth-code-point": "^3.0.0",
        "strip-ansi": "^6.0.1"
      },
      "engines": {
        "node": ">=8"
      }
    },
    "node_modules/strip-ansi": {
      "version": "6.0.1",
      "resolved": "https://registry.npmjs.org/strip-ansi/-/strip-ansi-6.0.1.tgz",
      "integrity": "sha512-Y38VPSHcqkFrCpFnQ9vuSXmquuv5oXOKpGeT6aGrr3o3Gc9AlVa6JBfUSOCnbxGGZF+/0ooI7KrPuUSztUdU5A==",
      "dev": true,
      "dependencies": {
        "ansi-regex": "^5.0.1"
      },
      "engines": {
        "node": ">=8"
      }
    },
    "node_modules/supports-color": {
      "version": "8.1.1",
      "resolved": "https://registry.npmjs.org/supports-color/-/supports-color-8.1.1.tgz",
      "integrity": "sha512-MpUEN2OodtUzxvKQl72cUF7RQ5EiHsGvSsVG0ia9c5RbWGL2CI4C7EpPS8UTBIplnlzZiNuV56w+FuNxy3ty2Q==",
      "dev": true,
      "dependencies": {
        "has-flag": "^4.0.0"
      },
      "engines": {
        "node": ">=10"
      },
      "funding": {
        "url": "https://github.com/chalk/supports-color?sponsor=1"
      }
    },
    "node_modules/swiper": {
      "version": "11.0.5",
      "resolved": "https://registry.npmjs.org/swiper/-/swiper-11.0.5.tgz",
      "integrity": "sha512-rhCwupqSyRnWrtNzWzemnBLMoyYuoDgGgspAm/8iBD3jCvAWycPLH4Z3TB0O5520DHLzMx94yUMH/B9Efpa48w==",
      "funding": [
        {
          "type": "patreon",
          "url": "https://www.patreon.com/swiperjs"
        },
        {
          "type": "open_collective",
          "url": "http://opencollective.com/swiper"
        }
      ],
      "engines": {
        "node": ">= 4.7.0"
      }
    },
    "node_modules/tiny-warning": {
      "version": "1.0.3",
      "resolved": "https://registry.npmjs.org/tiny-warning/-/tiny-warning-1.0.3.tgz",
      "integrity": "sha512-lBN9zLN/oAf68o3zNXYrdCt1kP8WsiGW8Oo2ka41b2IM5JL/S1CTyX1rW0mb/zSuJun0ZUrDxx4sqvYS2FWzPA=="
    },
    "node_modules/tree-kill": {
      "version": "1.2.2",
      "resolved": "https://registry.npmjs.org/tree-kill/-/tree-kill-1.2.2.tgz",
      "integrity": "sha512-L0Orpi8qGpRG//Nd+H90vFB+3iHnue1zSSGmNOOCh1GLJ7rUKVwV2HvijphGQS2UmhUZewS9VgvxYIdgr+fG1A==",
      "dev": true,
      "bin": {
        "tree-kill": "cli.js"
      }
    },
    "node_modules/tslib": {
      "version": "1.14.1",
      "resolved": "https://registry.npmjs.org/tslib/-/tslib-1.14.1.tgz",
      "integrity": "sha512-Xni35NKzjgMrwevysHTCArtLDpPvye8zV/0E4EyYn43P7/7qvQwPh9BGkHewbMulVntbigmcT7rdX3BNo9wRJg==",
      "dev": true
    },
    "node_modules/wrap-ansi": {
      "version": "7.0.0",
      "resolved": "https://registry.npmjs.org/wrap-ansi/-/wrap-ansi-7.0.0.tgz",
      "integrity": "sha512-YVGIj2kamLSTxw6NsZjoBxfSwsn0ycdesmc4p+Q21c5zPuZ1pl+NfxVdxPtdHvmNVOQ6XSYG4AUtyt/Fi7D16Q==",
      "dev": true,
      "dependencies": {
        "ansi-styles": "^4.0.0",
        "string-width": "^4.1.0",
        "strip-ansi": "^6.0.0"
      },
      "engines": {
        "node": ">=10"
      },
      "funding": {
        "url": "https://github.com/chalk/wrap-ansi?sponsor=1"
      }
    },
    "node_modules/y18n": {
      "version": "5.0.8",
      "resolved": "https://registry.npmjs.org/y18n/-/y18n-5.0.8.tgz",
      "integrity": "sha512-0pfFzegeDWJHJIAmTLRP2DwHjdF5s7jo9tuztdQxAhINCdvS+3nGINqPd00AphqJR/0LhANUS6/+7SCb98YOfA==",
      "dev": true,
      "engines": {
        "node": ">=10"
      }
    },
    "node_modules/yargs": {
      "version": "16.2.0",
      "resolved": "https://registry.npmjs.org/yargs/-/yargs-16.2.0.tgz",
      "integrity": "sha512-D1mvvtDG0L5ft/jGWkLpG1+m0eQxOfaBvTNELraWj22wSVUMWxZUvYgJYcKh6jGGIkJFhH4IZPQhR4TKpc8mBw==",
      "dev": true,
      "dependencies": {
        "cliui": "^7.0.2",
        "escalade": "^3.1.1",
        "get-caller-file": "^2.0.5",
        "require-directory": "^2.1.1",
        "string-width": "^4.2.0",
        "y18n": "^5.0.5",
        "yargs-parser": "^20.2.2"
      },
      "engines": {
        "node": ">=10"
      }
    },
    "node_modules/yargs-parser": {
      "version": "20.2.9",
      "resolved": "https://registry.npmjs.org/yargs-parser/-/yargs-parser-20.2.9.tgz",
      "integrity": "sha512-y11nGElTIV+CT3Zv9t7VKl+Q3hTQoT9a1Qzezhhl6Rp21gJ/IVTW7Z3y9EWXhuUBC2Shnf+DX0antecpAwSP8w==",
      "dev": true,
      "engines": {
        "node": ">=10"
      }
    }
  },
  "dependencies": {
    "@fvilers/disable-react-devtools": {
      "version": "1.3.0",
      "resolved": "https://registry.npmjs.org/@fvilers/disable-react-devtools/-/disable-react-devtools-1.3.0.tgz",
      "integrity": "sha512-LbASP6voPkKS5b6OlQhupEDtMeoAakamauqLEFHatkQUTmblNY5nPK7/eSqKBXxExT6uypVPczpTsJjJIrhpOQ=="
    },
    "@types/lodash": {
      "version": "4.14.202",
      "resolved": "https://registry.npmjs.org/@types/lodash/-/lodash-4.14.202.tgz",
      "integrity": "sha512-OvlIYQK9tNneDlS0VN54LLd5uiPCBOp7gS5Z0f1mjoJYBrtStzgmJBxONW3U6OZqdtNzZPmn9BS/7WI7BFFcFQ=="
    },
    "@types/lodash.memoize": {
      "version": "4.1.9",
      "resolved": "https://registry.npmjs.org/@types/lodash.memoize/-/lodash.memoize-4.1.9.tgz",
      "integrity": "sha512-glY1nQuoqX4Ft8Uk+KfJudOD7DQbbEDF6k9XpGncaohW3RW4eSWBlx6AA0fZCrh40tZcQNH4jS/Oc59J6Eq+aw==",
      "requires": {
        "@types/lodash": "*"
      }
    },
    "@wojtekmaj/date-utils": {
      "version": "1.5.1",
      "resolved": "https://registry.npmjs.org/@wojtekmaj/date-utils/-/date-utils-1.5.1.tgz",
      "integrity": "sha512-+i7+JmNiE/3c9FKxzWFi2IjRJ+KzZl1QPu6QNrsgaa2MuBgXvUy4gA1TVzf/JMdIIloB76xSKikTWuyYAIVLww=="
    },
    "ansi-regex": {
      "version": "5.0.1",
      "resolved": "https://registry.npmjs.org/ansi-regex/-/ansi-regex-5.0.1.tgz",
      "integrity": "sha512-quJQXlTSUGL2LH9SUXo8VwsY4soanhgo6LNSm84E1LBcE8s3O0wpdiRzyR9z/ZZJMlMWv37qOOb9pdJlMUEKFQ==",
      "dev": true
    },
    "ansi-styles": {
      "version": "4.3.0",
      "resolved": "https://registry.npmjs.org/ansi-styles/-/ansi-styles-4.3.0.tgz",
      "integrity": "sha512-zbB9rCJAT1rbjiVDb2hqKFHNYLxgtk8NURxZ3IZwD3F6NtxbXZQCnnSi1Lkx+IDohdPlFp222wVALIheZJQSEg==",
      "dev": true,
      "requires": {
        "color-convert": "^2.0.1"
      }
    },
    "chalk": {
      "version": "4.1.2",
      "resolved": "https://registry.npmjs.org/chalk/-/chalk-4.1.2.tgz",
      "integrity": "sha512-oKnbhFyRIXpUuez8iBMmyEa4nbj4IOQyuhc/wy9kY7/WVPcwIO9VA668Pu8RkO7+0G76SLROeyw9CpQ061i4mA==",
      "dev": true,
      "requires": {
        "ansi-styles": "^4.1.0",
        "supports-color": "^7.1.0"
      },
      "dependencies": {
        "supports-color": {
          "version": "7.2.0",
          "resolved": "https://registry.npmjs.org/supports-color/-/supports-color-7.2.0.tgz",
          "integrity": "sha512-qpCAvRl9stuOHveKsn7HncJRvv501qIacKzQlO/+Lwxc9+0q2wLyv4Dfvt80/DPn2pqOBsJdDiogXGR9+OvwRw==",
          "dev": true,
          "requires": {
            "has-flag": "^4.0.0"
          }
        }
      }
    },
    "cliui": {
      "version": "7.0.4",
      "resolved": "https://registry.npmjs.org/cliui/-/cliui-7.0.4.tgz",
      "integrity": "sha512-OcRE68cOsVMXp1Yvonl/fzkQOyjLSu/8bhPDfQt0e0/Eb283TKP20Fs2MqoPsr9SwA595rRCA+QMzYc9nBP+JQ==",
      "dev": true,
      "requires": {
        "string-width": "^4.2.0",
        "strip-ansi": "^6.0.0",
        "wrap-ansi": "^7.0.0"
      }
    },
    "clsx": {
      "version": "2.1.0",
      "resolved": "https://registry.npmjs.org/clsx/-/clsx-2.1.0.tgz",
      "integrity": "sha512-m3iNNWpd9rl3jvvcBnu70ylMdrXt8Vlq4HYadnU5fwcOtvkSQWPmj7amUcDT2qYI7risszBjI5AUIUox9D16pg=="
    },
    "color-convert": {
      "version": "2.0.1",
      "resolved": "https://registry.npmjs.org/color-convert/-/color-convert-2.0.1.tgz",
      "integrity": "sha512-RRECPsj7iu/xb5oKYcsFHSppFNnsj/52OVTRKb4zP5onXwVF3zVmmToNcOfGC+CRDpfK/U584fMg38ZHCaElKQ==",
      "dev": true,
      "requires": {
        "color-name": "~1.1.4"
      }
    },
    "color-name": {
      "version": "1.1.4",
      "resolved": "https://registry.npmjs.org/color-name/-/color-name-1.1.4.tgz",
      "integrity": "sha512-dOy+3AuW3a2wNbZHIuMZpTcgjGuLU/uBL/ubcZF9OXbDo8ff4O8yVp5Bf0efS8uEoYo5q4Fx7dY9OgQGXgAsQA==",
      "dev": true
    },
    "concurrently": {
      "version": "7.1.0",
      "resolved": "https://registry.npmjs.org/concurrently/-/concurrently-7.1.0.tgz",
      "integrity": "sha512-Bz0tMlYKZRUDqJlNiF/OImojMB9ruKUz6GCfmhFnSapXgPe+3xzY4byqoKG9tUZ7L2PGEUjfLPOLfIX3labnmw==",
      "dev": true,
      "requires": {
        "chalk": "^4.1.0",
        "date-fns": "^2.16.1",
        "lodash": "^4.17.21",
        "rxjs": "^6.6.3",
        "spawn-command": "^0.0.2-1",
        "supports-color": "^8.1.0",
        "tree-kill": "^1.2.2",
        "yargs": "^16.2.0"
      }
    },
    "date-fns": {
      "version": "2.28.0",
      "resolved": "https://registry.npmjs.org/date-fns/-/date-fns-2.28.0.tgz",
      "integrity": "sha512-8d35hViGYx/QH0icHYCeLmsLmMUheMmTyV9Fcm6gvNwdw31yXXH+O85sOBJ+OLnLQMKZowvpKb6FgMIQjcpvQw==",
      "dev": true
    },
    "emoji-regex": {
      "version": "8.0.0",
      "resolved": "https://registry.npmjs.org/emoji-regex/-/emoji-regex-8.0.0.tgz",
      "integrity": "sha512-MSjYzcWNOA0ewAHpz0MxpYFvwg6yjy1NG3xteoqz644VCo/RPgnr1/GGt+ic3iJTzQ8Eu3TdM14SawnVUmGE6A==",
      "dev": true
    },
    "escalade": {
      "version": "3.1.1",
      "resolved": "https://registry.npmjs.org/escalade/-/escalade-3.1.1.tgz",
      "integrity": "sha512-k0er2gUkLf8O0zKJiAhmkTnJlTvINGv7ygDNPbeIsX/TJjGJZHuh9B2UxbsaEkmlEo9MfhrSzmhIlhRlI2GXnw==",
      "dev": true
    },
    "get-caller-file": {
      "version": "2.0.5",
      "resolved": "https://registry.npmjs.org/get-caller-file/-/get-caller-file-2.0.5.tgz",
      "integrity": "sha512-DyFP3BM/3YHTQOCUL/w0OZHR0lpKeGrxotcHWcqNEdnltqFwXVfhEBQ94eIo34AfQpo0rGki4cyIiftY06h2Fg==",
      "dev": true
    },
    "get-user-locale": {
      "version": "2.3.1",
      "resolved": "https://registry.npmjs.org/get-user-locale/-/get-user-locale-2.3.1.tgz",
      "integrity": "sha512-VEvcsqKYx7zhZYC1CjecrDC5ziPSpl1gSm0qFFJhHSGDrSC+x4+p1KojWC/83QX//j476gFhkVXP/kNUc9q+bQ==",
      "requires": {
        "@types/lodash.memoize": "^4.1.7",
        "lodash.memoize": "^4.1.1"
      }
    },
    "has-flag": {
      "version": "4.0.0",
      "resolved": "https://registry.npmjs.org/has-flag/-/has-flag-4.0.0.tgz",
      "integrity": "sha512-EykJT/Q1KjTWctppgIAgfSO0tKVuZUjhgMr17kqTumMl6Afv3EISleU7qZUzoXDFTAHTDC4NOoG/ZxU3EvlMPQ==",
      "dev": true
    },
    "is-fullwidth-code-point": {
      "version": "3.0.0",
      "resolved": "https://registry.npmjs.org/is-fullwidth-code-point/-/is-fullwidth-code-point-3.0.0.tgz",
      "integrity": "sha512-zymm5+u+sCsSWyD9qNaejV3DFvhCKclKdizYaJUuHA83RLjb7nSuGnddCHGv0hk+KY7BMAlsWeK4Ueg6EV6XQg==",
      "dev": true
    },
    "js-tokens": {
      "version": "4.0.0",
      "resolved": "https://registry.npmjs.org/js-tokens/-/js-tokens-4.0.0.tgz",
      "integrity": "sha512-RdJUflcE3cUzKiMqQgsCu06FPu9UdIJO0beYbPhHN4k6apgJtifcoCtT9bcxOpYBtpD2kCM6Sbzg4CausW/PKQ=="
    },
    "lodash": {
      "version": "4.17.21",
      "resolved": "https://registry.npmjs.org/lodash/-/lodash-4.17.21.tgz",
      "integrity": "sha512-v2kDEe57lecTulaDIuNTPy3Ry4gLGJ6Z1O3vE1krgXZNrsQ+LFTGHVxVjcXPs17LhbZVGedAJv8XZ1tvj5FvSg==",
      "dev": true
    },
    "lodash.memoize": {
      "version": "4.1.2",
      "resolved": "https://registry.npmjs.org/lodash.memoize/-/lodash.memoize-4.1.2.tgz",
      "integrity": "sha512-t7j+NzmgnQzTAYXcsHYLgimltOV1MXHtlOWf6GjL9Kj8GK5FInw5JotxvbOs+IvV1/Dzo04/fCGfLVs7aXb4Ag=="
    },
    "loose-envify": {
      "version": "1.4.0",
      "resolved": "https://registry.npmjs.org/loose-envify/-/loose-envify-1.4.0.tgz",
      "integrity": "sha512-lyuxPGr/Wfhrlem2CL/UcnUc1zcqKAImBDzukY7Y5F/yQiNdko6+fRLevlw1HgMySw7f611UIY408EtxRSoK3Q==",
      "requires": {
        "js-tokens": "^3.0.0 || ^4.0.0"
      }
    },
    "object-assign": {
      "version": "4.1.1",
      "resolved": "https://registry.npmjs.org/object-assign/-/object-assign-4.1.1.tgz",
      "integrity": "sha512-rJgTQnkUnH1sFw8yT6VSU3zD3sWmu6sZhIseY8VX+GRu3P6F7Fu+JNDoXfklElbLJSnc3FUQHVe4cU5hj+BcUg=="
    },
    "prop-types": {
      "version": "15.8.1",
      "resolved": "https://registry.npmjs.org/prop-types/-/prop-types-15.8.1.tgz",
      "integrity": "sha512-oj87CgZICdulUohogVAR7AjlC0327U4el4L6eAvOqCeudMDVU0NThNaV+b9Df4dXgSP1gXMTnPdhfe/2qDH5cg==",
      "requires": {
        "loose-envify": "^1.4.0",
        "object-assign": "^4.1.1",
        "react-is": "^16.13.1"
      }
    },
    "react": {
      "version": "18.2.0",
      "resolved": "https://registry.npmjs.org/react/-/react-18.2.0.tgz",
      "integrity": "sha512-/3IjMdb2L9QbBdWiW5e3P2/npwMBaU9mHCSCUzNln0ZCYbcfTsGbTJrU/kGemdH2IWmB2ioZ+zkxtmq6g09fGQ==",
      "peer": true,
      "requires": {
        "loose-envify": "^1.1.0"
      }
    },
    "react-calendar": {
      "version": "4.7.0",
      "resolved": "https://registry.npmjs.org/react-calendar/-/react-calendar-4.7.0.tgz",
      "integrity": "sha512-Sb+oRRbwBo1bzDByIEqMCXOh5JwklLPn3inibzvLKKXDokHo23rqtH2A9vz8LxNMJpzuPjGJ4OSuOJyhia3x5g==",
      "requires": {
        "@wojtekmaj/date-utils": "^1.1.3",
        "clsx": "^2.0.0",
        "get-user-locale": "^2.2.1",
        "prop-types": "^15.6.0",
        "tiny-warning": "^1.0.0"
      }
    },
    "react-dom": {
      "version": "18.2.0",
      "resolved": "https://registry.npmjs.org/react-dom/-/react-dom-18.2.0.tgz",
      "integrity": "sha512-6IMTriUmvsjHUjNtEDudZfuDQUoWXVxKHhlEGSk81n4YFS+r/Kl99wXiwlVXtPBtJenozv2P+hxDsw9eA7Xo6g==",
      "peer": true,
      "requires": {
        "loose-envify": "^1.1.0",
        "scheduler": "^0.23.0"
      }
    },
    "react-is": {
      "version": "16.13.1",
      "resolved": "https://registry.npmjs.org/react-is/-/react-is-16.13.1.tgz",
      "integrity": "sha512-24e6ynE2H+OKt4kqsOvNd8kBpV65zoxbA4BVsEOB3ARVWQki/DHzaUoC5KuON/BiccDaCCTZBuOcfZs70kR8bQ=="
    },
    "require-directory": {
      "version": "2.1.1",
      "resolved": "https://registry.npmjs.org/require-directory/-/require-directory-2.1.1.tgz",
      "integrity": "sha1-jGStX9MNqxyXbiNE/+f3kqam30I=",
      "dev": true
    },
    "rxjs": {
      "version": "6.6.7",
      "resolved": "https://registry.npmjs.org/rxjs/-/rxjs-6.6.7.tgz",
      "integrity": "sha512-hTdwr+7yYNIT5n4AMYp85KA6yw2Va0FLa3Rguvbpa4W3I5xynaBZo41cM3XM+4Q6fRMj3sBYIR1VAmZMXYJvRQ==",
      "dev": true,
      "requires": {
        "tslib": "^1.9.0"
      }
    },
    "scheduler": {
      "version": "0.23.0",
      "resolved": "https://registry.npmjs.org/scheduler/-/scheduler-0.23.0.tgz",
      "integrity": "sha512-CtuThmgHNg7zIZWAXi3AsyIzA3n4xx7aNyjwC2VJldO2LMVDhFK+63xGqq6CsJH4rTAt6/M+N4GhZiDYPx9eUw==",
      "peer": true,
      "requires": {
        "loose-envify": "^1.1.0"
      }
    },
    "spawn-command": {
      "version": "0.0.2-1",
      "resolved": "https://registry.npmjs.org/spawn-command/-/spawn-command-0.0.2-1.tgz",
      "integrity": "sha1-YvXpRmmBwbeW3Fkpk34RycaSG9A=",
      "dev": true
    },
    "string-width": {
      "version": "4.2.3",
      "resolved": "https://registry.npmjs.org/string-width/-/string-width-4.2.3.tgz",
      "integrity": "sha512-wKyQRQpjJ0sIp62ErSZdGsjMJWsap5oRNihHhu6G7JVO/9jIB6UyevL+tXuOqrng8j/cxKTWyWUwvSTriiZz/g==",
      "dev": true,
      "requires": {
        "emoji-regex": "^8.0.0",
        "is-fullwidth-code-point": "^3.0.0",
        "strip-ansi": "^6.0.1"
      }
    },
    "strip-ansi": {
      "version": "6.0.1",
      "resolved": "https://registry.npmjs.org/strip-ansi/-/strip-ansi-6.0.1.tgz",
      "integrity": "sha512-Y38VPSHcqkFrCpFnQ9vuSXmquuv5oXOKpGeT6aGrr3o3Gc9AlVa6JBfUSOCnbxGGZF+/0ooI7KrPuUSztUdU5A==",
      "dev": true,
      "requires": {
        "ansi-regex": "^5.0.1"
      }
    },
    "supports-color": {
      "version": "8.1.1",
      "resolved": "https://registry.npmjs.org/supports-color/-/supports-color-8.1.1.tgz",
      "integrity": "sha512-MpUEN2OodtUzxvKQl72cUF7RQ5EiHsGvSsVG0ia9c5RbWGL2CI4C7EpPS8UTBIplnlzZiNuV56w+FuNxy3ty2Q==",
      "dev": true,
      "requires": {
        "has-flag": "^4.0.0"
      }
    },
    "swiper": {
      "version": "11.0.5",
      "resolved": "https://registry.npmjs.org/swiper/-/swiper-11.0.5.tgz",
      "integrity": "sha512-rhCwupqSyRnWrtNzWzemnBLMoyYuoDgGgspAm/8iBD3jCvAWycPLH4Z3TB0O5520DHLzMx94yUMH/B9Efpa48w=="
    },
    "tiny-warning": {
      "version": "1.0.3",
      "resolved": "https://registry.npmjs.org/tiny-warning/-/tiny-warning-1.0.3.tgz",
      "integrity": "sha512-lBN9zLN/oAf68o3zNXYrdCt1kP8WsiGW8Oo2ka41b2IM5JL/S1CTyX1rW0mb/zSuJun0ZUrDxx4sqvYS2FWzPA=="
    },
    "tree-kill": {
      "version": "1.2.2",
      "resolved": "https://registry.npmjs.org/tree-kill/-/tree-kill-1.2.2.tgz",
      "integrity": "sha512-L0Orpi8qGpRG//Nd+H90vFB+3iHnue1zSSGmNOOCh1GLJ7rUKVwV2HvijphGQS2UmhUZewS9VgvxYIdgr+fG1A==",
      "dev": true
    },
    "tslib": {
      "version": "1.14.1",
      "resolved": "https://registry.npmjs.org/tslib/-/tslib-1.14.1.tgz",
      "integrity": "sha512-Xni35NKzjgMrwevysHTCArtLDpPvye8zV/0E4EyYn43P7/7qvQwPh9BGkHewbMulVntbigmcT7rdX3BNo9wRJg==",
      "dev": true
    },
    "wrap-ansi": {
      "version": "7.0.0",
      "resolved": "https://registry.npmjs.org/wrap-ansi/-/wrap-ansi-7.0.0.tgz",
      "integrity": "sha512-YVGIj2kamLSTxw6NsZjoBxfSwsn0ycdesmc4p+Q21c5zPuZ1pl+NfxVdxPtdHvmNVOQ6XSYG4AUtyt/Fi7D16Q==",
      "dev": true,
      "requires": {
        "ansi-styles": "^4.0.0",
        "string-width": "^4.1.0",
        "strip-ansi": "^6.0.0"
      }
    },
    "y18n": {
      "version": "5.0.8",
      "resolved": "https://registry.npmjs.org/y18n/-/y18n-5.0.8.tgz",
      "integrity": "sha512-0pfFzegeDWJHJIAmTLRP2DwHjdF5s7jo9tuztdQxAhINCdvS+3nGINqPd00AphqJR/0LhANUS6/+7SCb98YOfA==",
      "dev": true
    },
    "yargs": {
      "version": "16.2.0",
      "resolved": "https://registry.npmjs.org/yargs/-/yargs-16.2.0.tgz",
      "integrity": "sha512-D1mvvtDG0L5ft/jGWkLpG1+m0eQxOfaBvTNELraWj22wSVUMWxZUvYgJYcKh6jGGIkJFhH4IZPQhR4TKpc8mBw==",
      "dev": true,
      "requires": {
        "cliui": "^7.0.2",
        "escalade": "^3.1.1",
        "get-caller-file": "^2.0.5",
        "require-directory": "^2.1.1",
        "string-width": "^4.2.0",
        "y18n": "^5.0.5",
        "yargs-parser": "^20.2.2"
      }
    },
    "yargs-parser": {
      "version": "20.2.9",
      "resolved": "https://registry.npmjs.org/yargs-parser/-/yargs-parser-20.2.9.tgz",
      "integrity": "sha512-y11nGElTIV+CT3Zv9t7VKl+Q3hTQoT9a1Qzezhhl6Rp21gJ/IVTW7Z3y9EWXhuUBC2Shnf+DX0antecpAwSP8w==",
      "dev": true
    }
  }
}
